// !$*UTF8*$!
{
	archiveVersion = 1;
	classes = {
	};
	objectVersion = 46;
	objects = {

/* Begin PBXBuildFile section */
		3622EE5C1D061EAA007BB052 /* HistoryTableViewController.swift in Sources */ = {isa = PBXBuildFile; fileRef = 3622EE5B1D061EA9007BB052 /* HistoryTableViewController.swift */; };
		362A8BE81CDD6E150019AE72 /* AppDelegate.swift in Sources */ = {isa = PBXBuildFile; fileRef = 362A8BE71CDD6E150019AE72 /* AppDelegate.swift */; };
		362A8BEA1CDD6E150019AE72 /* ViewController.swift in Sources */ = {isa = PBXBuildFile; fileRef = 362A8BE91CDD6E150019AE72 /* ViewController.swift */; };
		362A8BED1CDD6E150019AE72 /* Main.storyboard in Resources */ = {isa = PBXBuildFile; fileRef = 362A8BEB1CDD6E150019AE72 /* Main.storyboard */; };
		362A8BEF1CDD6E160019AE72 /* Assets.xcassets in Resources */ = {isa = PBXBuildFile; fileRef = 362A8BEE1CDD6E160019AE72 /* Assets.xcassets */; };
		362A8BF21CDD6E160019AE72 /* LaunchScreen.storyboard in Resources */ = {isa = PBXBuildFile; fileRef = 362A8BF01CDD6E160019AE72 /* LaunchScreen.storyboard */; };
		362A8BFC1CDD70960019AE72 /* FBSDKCoreKit.framework in Frameworks */ = {isa = PBXBuildFile; fileRef = 362A8BF91CDD70960019AE72 /* FBSDKCoreKit.framework */; };
		362A8BFD1CDD70960019AE72 /* FBSDKLoginKit.framework in Frameworks */ = {isa = PBXBuildFile; fileRef = 362A8BFA1CDD70960019AE72 /* FBSDKLoginKit.framework */; };
		362A8BFE1CDD70960019AE72 /* FBSDKShareKit.framework in Frameworks */ = {isa = PBXBuildFile; fileRef = 362A8BFB1CDD70960019AE72 /* FBSDKShareKit.framework */; };
		362A8C011CDD71B30019AE72 /* Header.m in Sources */ = {isa = PBXBuildFile; fileRef = 362A8C001CDD71B30019AE72 /* Header.m */; };
		367C57641CFE0E7000511BBD /* images in Resources */ = {isa = PBXBuildFile; fileRef = 367C57631CFE0E7000511BBD /* images */; };
		36A08FBD1CF2C79F007516D2 /* CoreBluetooth.framework in Frameworks */ = {isa = PBXBuildFile; fileRef = 36A08FBC1CF2C79F007516D2 /* CoreBluetooth.framework */; };
		36A08FBF1CF2CB74007516D2 /* AddMeServiceManager.swift in Sources */ = {isa = PBXBuildFile; fileRef = 36A08FBE1CF2CB74007516D2 /* AddMeServiceManager.swift */; };
		36EAF8A61CF3E3D80046C7D8 /* HomeViewController.swift in Sources */ = {isa = PBXBuildFile; fileRef = 36EAF8A51CF3E3D80046C7D8 /* HomeViewController.swift */; };
		36EAF8A81CF429540046C7D8 /* GlobalVariables.swift in Sources */ = {isa = PBXBuildFile; fileRef = 36EAF8A71CF429540046C7D8 /* GlobalVariables.swift */; };
		36EAF8AA1CF4324E0046C7D8 /* ProfileViewController.swift in Sources */ = {isa = PBXBuildFile; fileRef = 36EAF8A91CF4324D0046C7D8 /* ProfileViewController.swift */; };
		36EB599B1CF807A300AF9290 /* ConnectViewController.swift in Sources */ = {isa = PBXBuildFile; fileRef = 36EB599A1CF807A300AF9290 /* ConnectViewController.swift */; };
		FD17F0DA1CFE3B93002048FD /* User+CoreDataProperties.swift in Sources */ = {isa = PBXBuildFile; fileRef = FD17F0D81CFE3B93002048FD /* User+CoreDataProperties.swift */; };
		FD17F0DB1CFE3B93002048FD /* User.swift in Sources */ = {isa = PBXBuildFile; fileRef = FD17F0D91CFE3B93002048FD /* User.swift */; };
		FDD2ED5A1CFE2F5300770A2F /* Model.xcdatamodeld in Sources */ = {isa = PBXBuildFile; fileRef = FDD2ED581CFE2F5300770A2F /* Model.xcdatamodeld */; };
/* End PBXBuildFile section */

/* Begin PBXFileReference section */
		3622EE5B1D061EA9007BB052 /* HistoryTableViewController.swift */ = {isa = PBXFileReference; fileEncoding = 4; lastKnownFileType = sourcecode.swift; path = HistoryTableViewController.swift; sourceTree = "<group>"; };
		362A8BE41CDD6E150019AE72 /* AddMe.app */ = {isa = PBXFileReference; explicitFileType = wrapper.application; includeInIndex = 0; path = AddMe.app; sourceTree = BUILT_PRODUCTS_DIR; };
		362A8BE71CDD6E150019AE72 /* AppDelegate.swift */ = {isa = PBXFileReference; lastKnownFileType = sourcecode.swift; path = AppDelegate.swift; sourceTree = "<group>"; };
		362A8BE91CDD6E150019AE72 /* ViewController.swift */ = {isa = PBXFileReference; lastKnownFileType = sourcecode.swift; path = ViewController.swift; sourceTree = "<group>"; };
		362A8BEC1CDD6E150019AE72 /* Base */ = {isa = PBXFileReference; lastKnownFileType = file.storyboard; name = Base; path = Base.lproj/Main.storyboard; sourceTree = "<group>"; };
		362A8BEE1CDD6E160019AE72 /* Assets.xcassets */ = {isa = PBXFileReference; lastKnownFileType = folder.assetcatalog; path = Assets.xcassets; sourceTree = "<group>"; };
		362A8BF11CDD6E160019AE72 /* Base */ = {isa = PBXFileReference; lastKnownFileType = file.storyboard; name = Base; path = Base.lproj/LaunchScreen.storyboard; sourceTree = "<group>"; };
		362A8BF31CDD6E160019AE72 /* Info.plist */ = {isa = PBXFileReference; lastKnownFileType = text.plist.xml; path = Info.plist; sourceTree = "<group>"; };
		362A8BF91CDD70960019AE72 /* FBSDKCoreKit.framework */ = {isa = PBXFileReference; lastKnownFileType = wrapper.framework; path = FBSDKCoreKit.framework; sourceTree = "<group>"; };
		362A8BFA1CDD70960019AE72 /* FBSDKLoginKit.framework */ = {isa = PBXFileReference; lastKnownFileType = wrapper.framework; path = FBSDKLoginKit.framework; sourceTree = "<group>"; };
		362A8BFB1CDD70960019AE72 /* FBSDKShareKit.framework */ = {isa = PBXFileReference; lastKnownFileType = wrapper.framework; path = FBSDKShareKit.framework; sourceTree = "<group>"; };
		362A8BFF1CDD71B30019AE72 /* AddMe-Bridging-Header.h */ = {isa = PBXFileReference; lastKnownFileType = sourcecode.c.h; path = "AddMe-Bridging-Header.h"; sourceTree = "<group>"; };
		362A8C001CDD71B30019AE72 /* Header.m */ = {isa = PBXFileReference; fileEncoding = 4; lastKnownFileType = sourcecode.c.objc; path = Header.m; sourceTree = "<group>"; };
		367C57631CFE0E7000511BBD /* images */ = {isa = PBXFileReference; lastKnownFileType = folder; path = images; sourceTree = "<group>"; };
		36A08FBC1CF2C79F007516D2 /* CoreBluetooth.framework */ = {isa = PBXFileReference; lastKnownFileType = wrapper.framework; name = CoreBluetooth.framework; path = System/Library/Frameworks/CoreBluetooth.framework; sourceTree = SDKROOT; };
		36A08FBE1CF2CB74007516D2 /* AddMeServiceManager.swift */ = {isa = PBXFileReference; fileEncoding = 4; lastKnownFileType = sourcecode.swift; path = AddMeServiceManager.swift; sourceTree = "<group>"; };
		36EAF8A51CF3E3D80046C7D8 /* HomeViewController.swift */ = {isa = PBXFileReference; fileEncoding = 4; lastKnownFileType = sourcecode.swift; path = HomeViewController.swift; sourceTree = "<group>"; };
		36EAF8A71CF429540046C7D8 /* GlobalVariables.swift */ = {isa = PBXFileReference; fileEncoding = 4; lastKnownFileType = sourcecode.swift; path = GlobalVariables.swift; sourceTree = "<group>"; };
		36EAF8A91CF4324D0046C7D8 /* ProfileViewController.swift */ = {isa = PBXFileReference; fileEncoding = 4; lastKnownFileType = sourcecode.swift; path = ProfileViewController.swift; sourceTree = "<group>"; };
		36EB599A1CF807A300AF9290 /* ConnectViewController.swift */ = {isa = PBXFileReference; fileEncoding = 4; lastKnownFileType = sourcecode.swift; path = ConnectViewController.swift; sourceTree = "<group>"; };
		FD17F0D81CFE3B93002048FD /* User+CoreDataProperties.swift */ = {isa = PBXFileReference; fileEncoding = 4; lastKnownFileType = sourcecode.swift; path = "User+CoreDataProperties.swift"; sourceTree = "<group>"; };
		FD17F0D91CFE3B93002048FD /* User.swift */ = {isa = PBXFileReference; fileEncoding = 4; lastKnownFileType = sourcecode.swift; path = User.swift; sourceTree = "<group>"; };
		FDD2ED591CFE2F5300770A2F /* Model.xcdatamodel */ = {isa = PBXFileReference; lastKnownFileType = wrapper.xcdatamodel; path = Model.xcdatamodel; sourceTree = "<group>"; };
/* End PBXFileReference section */

/* Begin PBXFrameworksBuildPhase section */
		362A8BE11CDD6E140019AE72 /* Frameworks */ = {
			isa = PBXFrameworksBuildPhase;
			buildActionMask = 2147483647;
			files = (
				36A08FBD1CF2C79F007516D2 /* CoreBluetooth.framework in Frameworks */,
				362A8BFC1CDD70960019AE72 /* FBSDKCoreKit.framework in Frameworks */,
				362A8BFD1CDD70960019AE72 /* FBSDKLoginKit.framework in Frameworks */,
				362A8BFE1CDD70960019AE72 /* FBSDKShareKit.framework in Frameworks */,
			);
			runOnlyForDeploymentPostprocessing = 0;
		};
/* End PBXFrameworksBuildPhase section */

/* Begin PBXGroup section */
		362A8BDB1CDD6E140019AE72 = {
			isa = PBXGroup;
			children = (
				36A08FBC1CF2C79F007516D2 /* CoreBluetooth.framework */,
				362A8BF91CDD70960019AE72 /* FBSDKCoreKit.framework */,
				362A8BFA1CDD70960019AE72 /* FBSDKLoginKit.framework */,
				362A8BFB1CDD70960019AE72 /* FBSDKShareKit.framework */,
				362A8BE61CDD6E150019AE72 /* AddMe */,
				362A8BE51CDD6E150019AE72 /* Products */,
			);
			sourceTree = "<group>";
		};
		362A8BE51CDD6E150019AE72 /* Products */ = {
			isa = PBXGroup;
			children = (
				362A8BE41CDD6E150019AE72 /* AddMe.app */,
			);
			name = Products;
			sourceTree = "<group>";
		};
		362A8BE61CDD6E150019AE72 /* AddMe */ = {
			isa = PBXGroup;
			children = (
				367C57631CFE0E7000511BBD /* images */,
				362A8BFF1CDD71B30019AE72 /* AddMe-Bridging-Header.h */,
				362A8C001CDD71B30019AE72 /* Header.m */,
				362A8BF31CDD6E160019AE72 /* Info.plist */,
				36A08FBE1CF2CB74007516D2 /* AddMeServiceManager.swift */,
				362A8BE71CDD6E150019AE72 /* AppDelegate.swift */,
				36EB599A1CF807A300AF9290 /* ConnectViewController.swift */,
				36EAF8A71CF429540046C7D8 /* GlobalVariables.swift */,
				36EAF8A51CF3E3D80046C7D8 /* HomeViewController.swift */,
				36EAF8A91CF4324D0046C7D8 /* ProfileViewController.swift */,
				362A8BE91CDD6E150019AE72 /* ViewController.swift */,
				362A8BEE1CDD6E160019AE72 /* Assets.xcassets */,
				FD17F0DC1CFE3C4D002048FD /* Core Data */,
				362A8BF01CDD6E160019AE72 /* LaunchScreen.storyboard */,
				362A8BEB1CDD6E150019AE72 /* Main.storyboard */,
				3622EE5B1D061EA9007BB052 /* HistoryTableViewController.swift */,
			);
			path = AddMe;
			sourceTree = "<group>";
		};
		FD17F0DC1CFE3C4D002048FD /* Core Data */ = {
			isa = PBXGroup;
			children = (
				FDD2ED581CFE2F5300770A2F /* Model.xcdatamodeld */,
				FD17F0D91CFE3B93002048FD /* User.swift */,
				FD17F0D81CFE3B93002048FD /* User+CoreDataProperties.swift */,
			);
			name = "Core Data";
			sourceTree = "<group>";
		};
/* End PBXGroup section */

/* Begin PBXNativeTarget section */
		362A8BE31CDD6E140019AE72 /* AddMe */ = {
			isa = PBXNativeTarget;
			buildConfigurationList = 362A8BF61CDD6E160019AE72 /* Build configuration list for PBXNativeTarget "AddMe" */;
			buildPhases = (
				362A8BE01CDD6E140019AE72 /* Sources */,
				362A8BE11CDD6E140019AE72 /* Frameworks */,
				362A8BE21CDD6E140019AE72 /* Resources */,
			);
			buildRules = (
			);
			dependencies = (
			);
			name = AddMe;
			productName = AddMe;
			productReference = 362A8BE41CDD6E150019AE72 /* AddMe.app */;
			productType = "com.apple.product-type.application";
		};
/* End PBXNativeTarget section */

/* Begin PBXProject section */
		362A8BDC1CDD6E140019AE72 /* Project object */ = {
			isa = PBXProject;
			attributes = {
				LastSwiftUpdateCheck = 0730;
				LastUpgradeCheck = 0730;
				ORGANIZATIONNAME = "Justin Lee";
				TargetAttributes = {
					362A8BE31CDD6E140019AE72 = {
						CreatedOnToolsVersion = 7.3;
						DevelopmentTeam = PNU7AS5372;
					};
				};
			};
			buildConfigurationList = 362A8BDF1CDD6E140019AE72 /* Build configuration list for PBXProject "AddMe" */;
			compatibilityVersion = "Xcode 3.2";
			developmentRegion = English;
			hasScannedForEncodings = 0;
			knownRegions = (
				en,
				Base,
			);
			mainGroup = 362A8BDB1CDD6E140019AE72;
			productRefGroup = 362A8BE51CDD6E150019AE72 /* Products */;
			projectDirPath = "";
			projectRoot = "";
			targets = (
				362A8BE31CDD6E140019AE72 /* AddMe */,
			);
		};
/* End PBXProject section */

/* Begin PBXResourcesBuildPhase section */
		362A8BE21CDD6E140019AE72 /* Resources */ = {
			isa = PBXResourcesBuildPhase;
			buildActionMask = 2147483647;
			files = (
				367C57641CFE0E7000511BBD /* images in Resources */,
				362A8BF21CDD6E160019AE72 /* LaunchScreen.storyboard in Resources */,
				362A8BEF1CDD6E160019AE72 /* Assets.xcassets in Resources */,
				362A8BED1CDD6E150019AE72 /* Main.storyboard in Resources */,
			);
			runOnlyForDeploymentPostprocessing = 0;
		};
/* End PBXResourcesBuildPhase section */

/* Begin PBXSourcesBuildPhase section */
		362A8BE01CDD6E140019AE72 /* Sources */ = {
			isa = PBXSourcesBuildPhase;
			buildActionMask = 2147483647;
			files = (
				36EAF8A81CF429540046C7D8 /* GlobalVariables.swift in Sources */,
				36EAF8A61CF3E3D80046C7D8 /* HomeViewController.swift in Sources */,
				362A8BEA1CDD6E150019AE72 /* ViewController.swift in Sources */,
				362A8C011CDD71B30019AE72 /* Header.m in Sources */,
				36EAF8AA1CF4324E0046C7D8 /* ProfileViewController.swift in Sources */,
				FDD2ED5A1CFE2F5300770A2F /* Model.xcdatamodeld in Sources */,
				362A8BE81CDD6E150019AE72 /* AppDelegate.swift in Sources */,
				36A08FBF1CF2CB74007516D2 /* AddMeServiceManager.swift in Sources */,
				3622EE5C1D061EAA007BB052 /* HistoryTableViewController.swift in Sources */,
				FD17F0DA1CFE3B93002048FD /* User+CoreDataProperties.swift in Sources */,
				36EB599B1CF807A300AF9290 /* ConnectViewController.swift in Sources */,
				FD17F0DB1CFE3B93002048FD /* User.swift in Sources */,
			);
			runOnlyForDeploymentPostprocessing = 0;
		};
/* End PBXSourcesBuildPhase section */

/* Begin PBXVariantGroup section */
		362A8BEB1CDD6E150019AE72 /* Main.storyboard */ = {
			isa = PBXVariantGroup;
			children = (
				362A8BEC1CDD6E150019AE72 /* Base */,
			);
			name = Main.storyboard;
			sourceTree = "<group>";
		};
		362A8BF01CDD6E160019AE72 /* LaunchScreen.storyboard */ = {
			isa = PBXVariantGroup;
			children = (
				362A8BF11CDD6E160019AE72 /* Base */,
			);
			name = LaunchScreen.storyboard;
			sourceTree = "<group>";
		};
/* End PBXVariantGroup section */

/* Begin XCBuildConfiguration section */
		362A8BF41CDD6E160019AE72 /* Debug */ = {
			isa = XCBuildConfiguration;
			buildSettings = {
				ALWAYS_SEARCH_USER_PATHS = NO;
				CLANG_ANALYZER_NONNULL = YES;
				CLANG_CXX_LANGUAGE_STANDARD = "gnu++0x";
				CLANG_CXX_LIBRARY = "libc++";
				CLANG_ENABLE_MODULES = YES;
				CLANG_ENABLE_OBJC_ARC = YES;
				CLANG_WARN_BOOL_CONVERSION = YES;
				CLANG_WARN_CONSTANT_CONVERSION = YES;
				CLANG_WARN_DIRECT_OBJC_ISA_USAGE = YES_ERROR;
				CLANG_WARN_EMPTY_BODY = YES;
				CLANG_WARN_ENUM_CONVERSION = YES;
				CLANG_WARN_INT_CONVERSION = YES;
				CLANG_WARN_OBJC_ROOT_CLASS = YES_ERROR;
				CLANG_WARN_UNREACHABLE_CODE = YES;
				CLANG_WARN__DUPLICATE_METHOD_MATCH = YES;
				"CODE_SIGN_IDENTITY[sdk=iphoneos*]" = "iPhone Developer";
				COPY_PHASE_STRIP = NO;
				DEBUG_INFORMATION_FORMAT = dwarf;
				ENABLE_STRICT_OBJC_MSGSEND = YES;
				ENABLE_TESTABILITY = YES;
				GCC_C_LANGUAGE_STANDARD = gnu99;
				GCC_DYNAMIC_NO_PIC = NO;
				GCC_NO_COMMON_BLOCKS = YES;
				GCC_OPTIMIZATION_LEVEL = 0;
				GCC_PREPROCESSOR_DEFINITIONS = (
					"DEBUG=1",
					"$(inherited)",
				);
				GCC_WARN_64_TO_32_BIT_CONVERSION = YES;
				GCC_WARN_ABOUT_RETURN_TYPE = YES_ERROR;
				GCC_WARN_UNDECLARED_SELECTOR = YES;
				GCC_WARN_UNINITIALIZED_AUTOS = YES_AGGRESSIVE;
				GCC_WARN_UNUSED_FUNCTION = YES;
				GCC_WARN_UNUSED_VARIABLE = YES;
				IPHONEOS_DEPLOYMENT_TARGET = 9.3;
				MTL_ENABLE_DEBUG_INFO = YES;
				ONLY_ACTIVE_ARCH = YES;
				SDKROOT = iphoneos;
				SWIFT_OPTIMIZATION_LEVEL = "-Onone";
				TARGETED_DEVICE_FAMILY = 2;
			};
			name = Debug;
		};
		362A8BF51CDD6E160019AE72 /* Release */ = {
			isa = XCBuildConfiguration;
			buildSettings = {
				ALWAYS_SEARCH_USER_PATHS = NO;
				CLANG_ANALYZER_NONNULL = YES;
				CLANG_CXX_LANGUAGE_STANDARD = "gnu++0x";
				CLANG_CXX_LIBRARY = "libc++";
				CLANG_ENABLE_MODULES = YES;
				CLANG_ENABLE_OBJC_ARC = YES;
				CLANG_WARN_BOOL_CONVERSION = YES;
				CLANG_WARN_CONSTANT_CONVERSION = YES;
				CLANG_WARN_DIRECT_OBJC_ISA_USAGE = YES_ERROR;
				CLANG_WARN_EMPTY_BODY = YES;
				CLANG_WARN_ENUM_CONVERSION = YES;
				CLANG_WARN_INT_CONVERSION = YES;
				CLANG_WARN_OBJC_ROOT_CLASS = YES_ERROR;
				CLANG_WARN_UNREACHABLE_CODE = YES;
				CLANG_WARN__DUPLICATE_METHOD_MATCH = YES;
				"CODE_SIGN_IDENTITY[sdk=iphoneos*]" = "iPhone Developer";
				COPY_PHASE_STRIP = NO;
				DEBUG_INFORMATION_FORMAT = "dwarf-with-dsym";
				ENABLE_NS_ASSERTIONS = NO;
				ENABLE_STRICT_OBJC_MSGSEND = YES;
				GCC_C_LANGUAGE_STANDARD = gnu99;
				GCC_NO_COMMON_BLOCKS = YES;
				GCC_WARN_64_TO_32_BIT_CONVERSION = YES;
				GCC_WARN_ABOUT_RETURN_TYPE = YES_ERROR;
				GCC_WARN_UNDECLARED_SELECTOR = YES;
				GCC_WARN_UNINITIALIZED_AUTOS = YES_AGGRESSIVE;
				GCC_WARN_UNUSED_FUNCTION = YES;
				GCC_WARN_UNUSED_VARIABLE = YES;
				IPHONEOS_DEPLOYMENT_TARGET = 9.3;
				MTL_ENABLE_DEBUG_INFO = NO;
				SDKROOT = iphoneos;
				TARGETED_DEVICE_FAMILY = 2;
				VALIDATE_PRODUCT = YES;
			};
			name = Release;
		};
		362A8BF71CDD6E160019AE72 /* Debug */ = {
			isa = XCBuildConfiguration;
			buildSettings = {
				ASSETCATALOG_COMPILER_APPICON_NAME = AppIcon;
				CLANG_ENABLE_MODULES = YES;
				CODE_SIGN_IDENTITY = "iPhone Developer";
				"CODE_SIGN_IDENTITY[sdk=iphoneos*]" = "iPhone Developer";
				FRAMEWORK_SEARCH_PATHS = (
					"$(inherited)",
					"$(PROJECT_DIR)",
				);
				INFOPLIST_FILE = AddMe/Info.plist;
				LD_RUNPATH_SEARCH_PATHS = "$(inherited) @executable_path/Frameworks";
				PRODUCT_BUNDLE_IDENTIFIER = com.example.AddMe;
				PRODUCT_NAME = "$(TARGET_NAME)";
				PROVISIONING_PROFILE = "";
				SWIFT_OBJC_BRIDGING_HEADER = "AddMe/AddMe-Bridging-Header.h";
				SWIFT_OPTIMIZATION_LEVEL = "-Onone";
				TARGETED_DEVICE_FAMILY = "1,2";
			};
			name = Debug;
		};
		362A8BF81CDD6E160019AE72 /* Release */ = {
			isa = XCBuildConfiguration;
			buildSettings = {
				ASSETCATALOG_COMPILER_APPICON_NAME = AppIcon;
				CLANG_ENABLE_MODULES = YES;
				CODE_SIGN_IDENTITY = "iPhone Developer";
				"CODE_SIGN_IDENTITY[sdk=iphoneos*]" = "iPhone Developer";
				FRAMEWORK_SEARCH_PATHS = (
					"$(inherited)",
					"$(PROJECT_DIR)",
				);
				INFOPLIST_FILE = AddMe/Info.plist;
				LD_RUNPATH_SEARCH_PATHS = "$(inherited) @executable_path/Frameworks";
				PRODUCT_BUNDLE_IDENTIFIER = com.example.AddMe;
				PRODUCT_NAME = "$(TARGET_NAME)";
				PROVISIONING_PROFILE = "";
				SWIFT_OBJC_BRIDGING_HEADER = "AddMe/AddMe-Bridging-Header.h";
				TARGETED_DEVICE_FAMILY = "1,2";
			};
			name = Release;
		};
/* End XCBuildConfiguration section */

/* Begin XCConfigurationList section */
		362A8BDF1CDD6E140019AE72 /* Build configuration list for PBXProject "AddMe" */ = {
			isa = XCConfigurationList;
			buildConfigurations = (
				362A8BF41CDD6E160019AE72 /* Debug */,
				362A8BF51CDD6E160019AE72 /* Release */,
			);
			defaultConfigurationIsVisible = 0;
			defaultConfigurationName = Release;
		};
		362A8BF61CDD6E160019AE72 /* Build configuration list for PBXNativeTarget "AddMe" */ = {
			isa = XCConfigurationList;
			buildConfigurations = (
				362A8BF71CDD6E160019AE72 /* Debug */,
				362A8BF81CDD6E160019AE72 /* Release */,
			);
			defaultConfigurationIsVisible = 0;
			defaultConfigurationName = Release;
		};
/* End XCConfigurationList section */

/* Begin XCVersionGroup section */
		FDD2ED581CFE2F5300770A2F /* Model.xcdatamodeld */ = {
			isa = XCVersionGroup;
			children = (
				FDD2ED591CFE2F5300770A2F /* Model.xcdatamodel */,
			);
			currentVersion = FDD2ED591CFE2F5300770A2F /* Model.xcdatamodel */;
			path = Model.xcdatamodeld;
			sourceTree = "<group>";
			versionGroupType = wrapper.xcdatamodel;
		};
/* End XCVersionGroup section */
	};
	rootObject = 362A8BDC1CDD6E140019AE72 /* Project object */;
}
